
Microsoft Visual Studio Solution File, Format Version 12.00
# Visual Studio 14
VisualStudioVersion = 14.0.25420.1
MinimumVisualStudioVersion = 10.0.40219.1
Project("{FAE04EC0-301F-11D3-BF4B-00C04F79EFBC}") = "D365Helpers", "D365Helpers\D365Helpers.csproj", "{BB6F1358-7B98-4DFC-9DD6-58B8FB2B6452}"
EndProject
Global
	GlobalSection(SolutionConfigurationPlatforms) = preSolution
		Debug|Any CPU = Debug|Any CPU
		Release|Any CPU = Release|Any CPU
	EndGlobalSection
	GlobalSection(ProjectConfigurationPlatforms) = postSolution
		{BB6F1358-7B98-4DFC-9DD6-58B8FB2B6452}.Debug|Any CPU.ActiveCfg = Debug|Any CPU
		{BB6F1358-7B98-4DFC-9DD6-58B8FB2B6452}.Debug|Any CPU.Build.0 = Debug|Any CPU
		{BB6F1358-7B98-4DFC-9DD6-58B8FB2B6452}.Release|Any CPU.ActiveCfg = Release|Any CPU
		{BB6F1358-7B98-4DFC-9DD6-58B8FB2B6452}.Release|Any CPU.Build.0 = Release|Any CPU
	EndGlobalSection
	GlobalSection(SolutionProperties) = preSolution
		HideSolutionNode = FALSE
	EndGlobalSection
EndGlobal
